
Microsoft Visual Studio Solution File, Format Version 12.00
# Visual Studio Version 16
VisualStudioVersion = 16.0.30907.101
MinimumVisualStudioVersion = 10.0.40219.1
Project("{FAE04EC0-301F-11D3-BF4B-00C04F79EFBC}") = "KomodoCafe_UI", "KomodoCafe\KomodoCafe_UI.csproj", "{52317241-39FB-42B8-A5B4-602A3EE54B4C}"
EndProject
Project("{2150E333-8FDC-42A3-9474-1A3956D46DE8}") = "KomodoCafe", "KomodoCafe", "{2D58B661-A152-4B2F-96E9-1C67CA422833}"
EndProject
Project("{FAE04EC0-301F-11D3-BF4B-00C04F79EFBC}") = "KomodoCafe_Repo", "KomodoCafe_Repo\KomodoCafe_Repo.csproj", "{04074D9F-71D3-42CA-A074-FCEE41A58541}"
EndProject
Project("{FAE04EC0-301F-11D3-BF4B-00C04F79EFBC}") = "KomodoCafe_Tests", "KomodoCafe_Tests\KomodoCafe_Tests.csproj", "{C4E0B256-DBCC-40DA-A156-6CC5E701E877}"
EndProject
Global
	GlobalSection(SolutionConfigurationPlatforms) = preSolution
		Debug|Any CPU = Debug|Any CPU
		Release|Any CPU = Release|Any CPU
	EndGlobalSection
	GlobalSection(ProjectConfigurationPlatforms) = postSolution
		{52317241-39FB-42B8-A5B4-602A3EE54B4C}.Debug|Any CPU.ActiveCfg = Debug|Any CPU
		{52317241-39FB-42B8-A5B4-602A3EE54B4C}.Debug|Any CPU.Build.0 = Debug|Any CPU
		{52317241-39FB-42B8-A5B4-602A3EE54B4C}.Release|Any CPU.ActiveCfg = Release|Any CPU
		{52317241-39FB-42B8-A5B4-602A3EE54B4C}.Release|Any CPU.Build.0 = Release|Any CPU
		{04074D9F-71D3-42CA-A074-FCEE41A58541}.Debug|Any CPU.ActiveCfg = Debug|Any CPU
		{04074D9F-71D3-42CA-A074-FCEE41A58541}.Debug|Any CPU.Build.0 = Debug|Any CPU
		{04074D9F-71D3-42CA-A074-FCEE41A58541}.Release|Any CPU.ActiveCfg = Release|Any CPU
		{04074D9F-71D3-42CA-A074-FCEE41A58541}.Release|Any CPU.Build.0 = Release|Any CPU
		{C4E0B256-DBCC-40DA-A156-6CC5E701E877}.Debug|Any CPU.ActiveCfg = Debug|Any CPU
		{C4E0B256-DBCC-40DA-A156-6CC5E701E877}.Debug|Any CPU.Build.0 = Debug|Any CPU
		{C4E0B256-DBCC-40DA-A156-6CC5E701E877}.Release|Any CPU.ActiveCfg = Release|Any CPU
		{C4E0B256-DBCC-40DA-A156-6CC5E701E877}.Release|Any CPU.Build.0 = Release|Any CPU
	EndGlobalSection
	GlobalSection(SolutionProperties) = preSolution
		HideSolutionNode = FALSE
	EndGlobalSection
	GlobalSection(NestedProjects) = preSolution
		{52317241-39FB-42B8-A5B4-602A3EE54B4C} = {2D58B661-A152-4B2F-96E9-1C67CA422833}
		{04074D9F-71D3-42CA-A074-FCEE41A58541} = {2D58B661-A152-4B2F-96E9-1C67CA422833}
		{C4E0B256-DBCC-40DA-A156-6CC5E701E877} = {2D58B661-A152-4B2F-96E9-1C67CA422833}
	EndGlobalSection
	GlobalSection(ExtensibilityGlobals) = postSolution
		SolutionGuid = {85CC0033-AE04-49A3-BE12-E857BADA9FBF}
	EndGlobalSection
EndGlobal
